
Microsoft Visual Studio Solution File, Format Version 12.00
# Visual Studio Version 17
VisualStudioVersion = 17.10.35013.160
MinimumVisualStudioVersion = 10.0.40219.1
Project("{8BC9CEB8-8B4A-11D0-8D11-00A0C91BC942}") = "mmd_dirextx12", "mmd_dirextx12\mmd_dirextx12.vcxproj", "{B295531E-D004-4CD3-A44D-9BFE7058FD08}"
EndProject
Global
	GlobalSection(SolutionConfigurationPlatforms) = preSolution
		Debug|x64 = Debug|x64
		Debug|x86 = Debug|x86
		Release|x64 = Release|x64
		Release|x86 = Release|x86
	EndGlobalSection
	GlobalSection(ProjectConfigurationPlatforms) = postSolution
		{B295531E-D004-4CD3-A44D-9BFE7058FD08}.Debug|x64.ActiveCfg = Debug|x64
		{B295531E-D004-4CD3-A44D-9BFE7058FD08}.Debug|x64.Build.0 = Debug|x64
		{B295531E-D004-4CD3-A44D-9BFE7058FD08}.Debug|x86.ActiveCfg = Debug|Win32
		{B295531E-D004-4CD3-A44D-9BFE7058FD08}.Debug|x86.Build.0 = Debug|Win32
		{B295531E-D004-4CD3-A44D-9BFE7058FD08}.Release|x64.ActiveCfg = Release|x64
		{B295531E-D004-4CD3-A44D-9BFE7058FD08}.Release|x64.Build.0 = Release|x64
		{B295531E-D004-4CD3-A44D-9BFE7058FD08}.Release|x86.ActiveCfg = Release|Win32
		{B295531E-D004-4CD3-A44D-9BFE7058FD08}.Release|x86.Build.0 = Release|Win32
	EndGlobalSection
	GlobalSection(SolutionProperties) = preSolution
		HideSolutionNode = FALSE
	EndGlobalSection
	GlobalSection(ExtensibilityGlobals) = postSolution
		SolutionGuid = {95CCA8CA-3CE3-47E7-A187-BF9EED23935B}
	EndGlobalSection
EndGlobal
